
Microsoft Visual Studio Solution File, Format Version 12.00
# Visual Studio Version 17
VisualStudioVersion = 17.10.34928.147
MinimumVisualStudioVersion = 10.0.40219.1
Project("{9A19103F-16F7-4668-BE54-9A1E7A4F7556}") = "AdventureQuestRPG", "AdventureQuestRPG\AdventureQuestRPG.csproj", "{32380736-8477-477C-BE7A-D669D1D61DA1}"
EndProject
Project("{FAE04EC0-301F-11D3-BF4B-00C04F79EFBC}") = "AdventureQuestRPGTests", "AdventureQuestRPGTests\AdventureQuestRPGTests.csproj", "{269AA1BA-541B-4477-A160-CE203C2F8C8A}"
EndProject
Global
	GlobalSection(SolutionConfigurationPlatforms) = preSolution
		Debug|Any CPU = Debug|Any CPU
		Release|Any CPU = Release|Any CPU
	EndGlobalSection
	GlobalSection(ProjectConfigurationPlatforms) = postSolution
		{32380736-8477-477C-BE7A-D669D1D61DA1}.Debug|Any CPU.ActiveCfg = Debug|Any CPU
		{32380736-8477-477C-BE7A-D669D1D61DA1}.Debug|Any CPU.Build.0 = Debug|Any CPU
		{32380736-8477-477C-BE7A-D669D1D61DA1}.Release|Any CPU.ActiveCfg = Release|Any CPU
		{32380736-8477-477C-BE7A-D669D1D61DA1}.Release|Any CPU.Build.0 = Release|Any CPU
		{269AA1BA-541B-4477-A160-CE203C2F8C8A}.Debug|Any CPU.ActiveCfg = Debug|Any CPU
		{269AA1BA-541B-4477-A160-CE203C2F8C8A}.Debug|Any CPU.Build.0 = Debug|Any CPU
		{269AA1BA-541B-4477-A160-CE203C2F8C8A}.Release|Any CPU.ActiveCfg = Release|Any CPU
		{269AA1BA-541B-4477-A160-CE203C2F8C8A}.Release|Any CPU.Build.0 = Release|Any CPU
	EndGlobalSection
	GlobalSection(SolutionProperties) = preSolution
		HideSolutionNode = FALSE
	EndGlobalSection
	GlobalSection(ExtensibilityGlobals) = postSolution
		SolutionGuid = {4DF889B5-A95F-4A21-9E27-83BBBBBB9B8A}
	EndGlobalSection
EndGlobal
